
Microsoft Visual Studio Solution File, Format Version 12.00
# Visual Studio Version 16
VisualStudioVersion = 16.0.30907.101
MinimumVisualStudioVersion = 10.0.40219.1
Project("{FAE04EC0-301F-11D3-BF4B-00C04F79EFBC}") = "Explicador", "Explicador\Explicador.csproj", "{D807888B-923E-4DAD-AE9F-672E8F90E532}"
EndProject
Global
	GlobalSection(SolutionConfigurationPlatforms) = preSolution
		Debug|Any CPU = Debug|Any CPU
		Release|Any CPU = Release|Any CPU
	EndGlobalSection
	GlobalSection(ProjectConfigurationPlatforms) = postSolution
		{D807888B-923E-4DAD-AE9F-672E8F90E532}.Debug|Any CPU.ActiveCfg = Debug|Any CPU
		{D807888B-923E-4DAD-AE9F-672E8F90E532}.Debug|Any CPU.Build.0 = Debug|Any CPU
		{D807888B-923E-4DAD-AE9F-672E8F90E532}.Release|Any CPU.ActiveCfg = Release|Any CPU
		{D807888B-923E-4DAD-AE9F-672E8F90E532}.Release|Any CPU.Build.0 = Release|Any CPU
	EndGlobalSection
	GlobalSection(SolutionProperties) = preSolution
		HideSolutionNode = FALSE
	EndGlobalSection
	GlobalSection(ExtensibilityGlobals) = postSolution
		SolutionGuid = {CE2201CB-7C58-4A93-9EC0-F5116329E65A}
	EndGlobalSection
EndGlobal
